
Microsoft Visual Studio Solution File, Format Version 12.00
# Visual Studio Version 16
VisualStudioVersion = 16.0.31025.194
MinimumVisualStudioVersion = 10.0.40219.1
Project("{9A19103F-16F7-4668-BE54-9A1E7A4F7556}") = "Lab", "Lab\Lab.csproj", "{B200B625-7491-4ED9-B0DD-7FBF41465D9B}"
EndProject
Project("{9A19103F-16F7-4668-BE54-9A1E7A4F7556}") = "Test1", "Test1\Test1.csproj", "{6180813E-D95A-4361-922E-DEFCC9F6AC38}"
EndProject
Project("{9A19103F-16F7-4668-BE54-9A1E7A4F7556}") = "GUI", "GUI\GUI.csproj", "{51BC4289-5A28-4848-B475-0A013A6D3A0D}"
EndProject
Global
	GlobalSection(SolutionConfigurationPlatforms) = preSolution
		Debug|Any CPU = Debug|Any CPU
		Release|Any CPU = Release|Any CPU
	EndGlobalSection
	GlobalSection(ProjectConfigurationPlatforms) = postSolution
		{B200B625-7491-4ED9-B0DD-7FBF41465D9B}.Debug|Any CPU.ActiveCfg = Debug|Any CPU
		{B200B625-7491-4ED9-B0DD-7FBF41465D9B}.Debug|Any CPU.Build.0 = Debug|Any CPU
		{B200B625-7491-4ED9-B0DD-7FBF41465D9B}.Release|Any CPU.ActiveCfg = Release|Any CPU
		{B200B625-7491-4ED9-B0DD-7FBF41465D9B}.Release|Any CPU.Build.0 = Release|Any CPU
		{6180813E-D95A-4361-922E-DEFCC9F6AC38}.Debug|Any CPU.ActiveCfg = Debug|Any CPU
		{6180813E-D95A-4361-922E-DEFCC9F6AC38}.Debug|Any CPU.Build.0 = Debug|Any CPU
		{6180813E-D95A-4361-922E-DEFCC9F6AC38}.Release|Any CPU.ActiveCfg = Release|Any CPU
		{6180813E-D95A-4361-922E-DEFCC9F6AC38}.Release|Any CPU.Build.0 = Release|Any CPU
		{51BC4289-5A28-4848-B475-0A013A6D3A0D}.Debug|Any CPU.ActiveCfg = Debug|Any CPU
		{51BC4289-5A28-4848-B475-0A013A6D3A0D}.Debug|Any CPU.Build.0 = Debug|Any CPU
		{51BC4289-5A28-4848-B475-0A013A6D3A0D}.Release|Any CPU.ActiveCfg = Release|Any CPU
		{51BC4289-5A28-4848-B475-0A013A6D3A0D}.Release|Any CPU.Build.0 = Release|Any CPU
	EndGlobalSection
	GlobalSection(SolutionProperties) = preSolution
		HideSolutionNode = FALSE
	EndGlobalSection
	GlobalSection(ExtensibilityGlobals) = postSolution
		SolutionGuid = {56A3DD1F-1A48-4980-9E2F-87E69CA6D92A}
	EndGlobalSection
EndGlobal
